PODS:
  - Alamofire (4.8.0)
  - AlamofireImage (3.5.0):
    - Alamofire (~> 4.8)
  - ITProgressIndicator (0.1)
  - StartAtLoginController (0.0.1)

DEPENDENCIES:
  - Alamofire (~> 4.8)
  - AlamofireImage (~> 3.5)
  - ITProgressIndicator (from `https://github.com/iluuu1994/ITProgressIndicator.git`, commit `c2fe94f`)
  - StartAtLoginController (~> 0.0)

SPEC REPOS:
  https://github.com/cocoapods/specs.git:
    - Alamofire
    - AlamofireImage
    - StartAtLoginController

EXTERNAL SOURCES:
  ITProgressIndicator:
    :commit: c2fe94f
    :git: https://github.com/iluuu1994/ITProgressIndicator.git

CHECKOUT OPTIONS:
  ITProgressIndicator:
    :commit: c2fe94f
    :git: https://github.com/iluuu1994/ITProgressIndicator.git

SPEC CHECKSUMS:
  Alamofire: 3ec537f71edc9804815215393ae2b1a8ea33a844
  AlamofireImage: 1aea346f4dda2f6c67622fa5a89fcbb80d79cc16
  ITProgressIndicator: b1d04e50606f0511639abed6ecd2c47f08fd4387
  StartAtLoginController: 9ff14295bab38f7cba164a838349f6c0a2d83020

PODFILE CHECKSUM: 10fffe62a7ead3957714331153d8630b31ea48a9

COCOAPODS: 1.6.0
