PODS:
  - Alamofire (3.4.0)
  - AlamofireImage (2.4.0):
    - Alamofire (~> 3.3)
  - ITProgressIndicator (0.1)
  - StartAtLoginController (0.0.1)

DEPENDENCIES:
  - Alamofire (~> 3.4)
  - AlamofireImage (~> 2.4)
  - ITProgressIndicator (from `https://github.com/iluuu1994/ITProgressIndicator.git`, commit `6e1998a68e`)
  - StartAtLoginController (~> 0.0)

EXTERNAL SOURCES:
  ITProgressIndicator:
    :commit: 6e1998a68e
    :git: https://github.com/iluuu1994/ITProgressIndicator.git

CHECKOUT OPTIONS:
  ITProgressIndicator:
    :commit: 6e1998a68e
    :git: https://github.com/iluuu1994/ITProgressIndicator.git

SPEC CHECKSUMS:
  Alamofire: c19a627cefd6a95f840401c49ab1f124e07f54ee
  AlamofireImage: 87408b652e0f5ae5fe364035f15aea8b9b24c77e
  ITProgressIndicator: b1d04e50606f0511639abed6ecd2c47f08fd4387
  StartAtLoginController: 9ff14295bab38f7cba164a838349f6c0a2d83020

PODFILE CHECKSUM: 766887ef0dc1671d6f584ff6b9ca6c6c21f85d06

COCOAPODS: 1.0.0
